// !$*UTF8*$!
{
	archiveVersion = 1;
	classes = {
	};
	objectVersion = 46;
	objects = {

/* Begin PBXBuildFile section */
		8F0909FD192453EB003905A8 /* Foundation.framework in Frameworks */ = {isa = PBXBuildFile; fileRef = 8F0909FC192453EB003905A8 /* Foundation.framework */; };
		8F0909FF192453EB003905A8 /* CoreGraphics.framework in Frameworks */ = {isa = PBXBuildFile; fileRef = 8F0909FE192453EB003905A8 /* CoreGraphics.framework */; };
		8F090A01192453EB003905A8 /* UIKit.framework in Frameworks */ = {isa = PBXBuildFile; fileRef = 8F090A00192453EB003905A8 /* UIKit.framework */; };
		8F090A07192453EB003905A8 /* InfoPlist.strings in Resources */ = {isa = PBXBuildFile; fileRef = 8F090A05192453EB003905A8 /* InfoPlist.strings */; };
		8F090A09192453EB003905A8 /* main.m in Sources */ = {isa = PBXBuildFile; fileRef = 8F090A08192453EB003905A8 /* main.m */; };
		8F090A0D192453EB003905A8 /* JTMAppDelegate.m in Sources */ = {isa = PBXBuildFile; fileRef = 8F090A0C192453EB003905A8 /* JTMAppDelegate.m */; };
		8F090A10192453EB003905A8 /* Main.storyboard in Resources */ = {isa = PBXBuildFile; fileRef = 8F090A0E192453EB003905A8 /* Main.storyboard */; };
		8F090A13192453EB003905A8 /* JTMViewController.m in Sources */ = {isa = PBXBuildFile; fileRef = 8F090A12192453EB003905A8 /* JTMViewController.m */; };
		8F090A15192453EB003905A8 /* Images.xcassets in Resources */ = {isa = PBXBuildFile; fileRef = 8F090A14192453EB003905A8 /* Images.xcassets */; };
		8F090A1C192453EB003905A8 /* XCTest.framework in Frameworks */ = {isa = PBXBuildFile; fileRef = 8F090A1B192453EB003905A8 /* XCTest.framework */; };
		8F090A1D192453EB003905A8 /* Foundation.framework in Frameworks */ = {isa = PBXBuildFile; fileRef = 8F0909FC192453EB003905A8 /* Foundation.framework */; };
		8F090A1E192453EB003905A8 /* UIKit.framework in Frameworks */ = {isa = PBXBuildFile; fileRef = 8F090A00192453EB003905A8 /* UIKit.framework */; };
		8F090A26192453EB003905A8 /* InfoPlist.strings in Resources */ = {isa = PBXBuildFile; fileRef = 8F090A24192453EB003905A8 /* InfoPlist.strings */; };
		8F090A28192453EB003905A8 /* GIT_TestTests.m in Sources */ = {isa = PBXBuildFile; fileRef = 8F090A27192453EB003905A8 /* GIT_TestTests.m */; };
		8F090A33192457B3003905A8 /* JTMTest.m in Sources */ = {isa = PBXBuildFile; fileRef = 8F090A32192457B3003905A8 /* JTMTest.m */; };
/* End PBXBuildFile section */

/* Begin PBXContainerItemProxy section */
		8F090A1F192453EB003905A8 /* PBXContainerItemProxy */ = {
			isa = PBXContainerItemProxy;
			containerPortal = 8F0909F1192453EB003905A8 /* Project object */;
			proxyType = 1;
			remoteGlobalIDString = 8F0909F8192453EB003905A8;
			remoteInfo = "GIT Test";
		};
/* End PBXContainerItemProxy section */

/* Begin PBXFileReference section */
		8F0909F9192453EB003905A8 /* GIT Test.app */ = {isa = PBXFileReference; explicitFileType = wrapper.application; includeInIndex = 0; path = "GIT Test.app"; sourceTree = BUILT_PRODUCTS_DIR; };
		8F0909FC192453EB003905A8 /* Foundation.framework */ = {isa = PBXFileReference; lastKnownFileType = wrapper.framework; name = Foundation.framework; path = System/Library/Frameworks/Foundation.framework; sourceTree = SDKROOT; };
		8F0909FE192453EB003905A8 /* CoreGraphics.framework */ = {isa = PBXFileReference; lastKnownFileType = wrapper.framework; name = CoreGraphics.framework; path = System/Library/Frameworks/CoreGraphics.framework; sourceTree = SDKROOT; };
		8F090A00192453EB003905A8 /* UIKit.framework */ = {isa = PBXFileReference; lastKnownFileType = wrapper.framework; name = UIKit.framework; path = System/Library/Frameworks/UIKit.framework; sourceTree = SDKROOT; };
		8F090A04192453EB003905A8 /* GIT Test-Info.plist */ = {isa = PBXFileReference; lastKnownFileType = text.plist.xml; path = "GIT Test-Info.plist"; sourceTree = "<group>"; };
		8F090A06192453EB003905A8 /* en */ = {isa = PBXFileReference; lastKnownFileType = text.plist.strings; name = en; path = en.lproj/InfoPlist.strings; sourceTree = "<group>"; };
		8F090A08192453EB003905A8 /* main.m */ = {isa = PBXFileReference; lastKnownFileType = sourcecode.c.objc; path = main.m; sourceTree = "<group>"; };
		8F090A0A192453EB003905A8 /* GIT Test-Prefix.pch */ = {isa = PBXFileReference; lastKnownFileType = sourcecode.c.h; path = "GIT Test-Prefix.pch"; sourceTree = "<group>"; };
		8F090A0B192453EB003905A8 /* JTMAppDelegate.h */ = {isa = PBXFileReference; lastKnownFileType = sourcecode.c.h; path = JTMAppDelegate.h; sourceTree = "<group>"; };
		8F090A0C192453EB003905A8 /* JTMAppDelegate.m */ = {isa = PBXFileReference; lastKnownFileType = sourcecode.c.objc; path = JTMAppDelegate.m; sourceTree = "<group>"; };
		8F090A0F192453EB003905A8 /* Base */ = {isa = PBXFileReference; lastKnownFileType = file.storyboard; name = Base; path = Base.lproj/Main.storyboard; sourceTree = "<group>"; };
		8F090A11192453EB003905A8 /* JTMViewController.h */ = {isa = PBXFileReference; lastKnownFileType = sourcecode.c.h; path = JTMViewController.h; sourceTree = "<group>"; };
		8F090A12192453EB003905A8 /* JTMViewController.m */ = {isa = PBXFileReference; lastKnownFileType = sourcecode.c.objc; path = JTMViewController.m; sourceTree = "<group>"; };
		8F090A14192453EB003905A8 /* Images.xcassets */ = {isa = PBXFileReference; lastKnownFileType = folder.assetcatalog; path = Images.xcassets; sourceTree = "<group>"; };
		8F090A1A192453EB003905A8 /* GIT TestTests.xctest */ = {isa = PBXFileReference; explicitFileType = wrapper.cfbundle; includeInIndex = 0; path = "GIT TestTests.xctest"; sourceTree = BUILT_PRODUCTS_DIR; };
		8F090A1B192453EB003905A8 /* XCTest.framework */ = {isa = PBXFileReference; lastKnownFileType = wrapper.framework; name = XCTest.framework; path = Library/Frameworks/XCTest.framework; sourceTree = DEVELOPER_DIR; };
		8F090A23192453EB003905A8 /* GIT TestTests-Info.plist */ = {isa = PBXFileReference; lastKnownFileType = text.plist.xml; path = "GIT TestTests-Info.plist"; sourceTree = "<group>"; };
		8F090A25192453EB003905A8 /* en */ = {isa = PBXFileReference; lastKnownFileType = text.plist.strings; name = en; path = en.lproj/InfoPlist.strings; sourceTree = "<group>"; };
		8F090A27192453EB003905A8 /* GIT_TestTests.m */ = {isa = PBXFileReference; lastKnownFileType = sourcecode.c.objc; path = GIT_TestTests.m; sourceTree = "<group>"; };
		8F090A31192457B3003905A8 /* JTMTest.h */ = {isa = PBXFileReference; fileEncoding = 4; lastKnownFileType = sourcecode.c.h; path = JTMTest.h; sourceTree = "<group>"; };
		8F090A32192457B3003905A8 /* JTMTest.m */ = {isa = PBXFileReference; fileEncoding = 4; lastKnownFileType = sourcecode.c.objc; path = JTMTest.m; sourceTree = "<group>"; };
/* End PBXFileReference section */

/* Begin PBXFrameworksBuildPhase section */
		8F0909F6192453EB003905A8 /* Frameworks */ = {
			isa = PBXFrameworksBuildPhase;
			buildActionMask = 2147483647;
			files = (
				8F0909FF192453EB003905A8 /* CoreGraphics.framework in Frameworks */,
				8F090A01192453EB003905A8 /* UIKit.framework in Frameworks */,
				8F0909FD192453EB003905A8 /* Foundation.framework in Frameworks */,
			);
			runOnlyForDeploymentPostprocessing = 0;
		};
		8F090A17192453EB003905A8 /* Frameworks */ = {
			isa = PBXFrameworksBuildPhase;
			buildActionMask = 2147483647;
			files = (
				8F090A1C192453EB003905A8 /* XCTest.framework in Frameworks */,
				8F090A1E192453EB003905A8 /* UIKit.framework in Frameworks */,
				8F090A1D192453EB003905A8 /* Foundation.framework in Frameworks */,
			);
			runOnlyForDeploymentPostprocessing = 0;
		};
/* End PBXFrameworksBuildPhase section */

/* Begin PBXGroup section */
		8F0909F0192453EB003905A8 = {
			isa = PBXGroup;
			children = (
				8F090A02192453EB003905A8 /* GIT Test */,
				8F090A21192453EB003905A8 /* GIT TestTests */,
				8F0909FB192453EB003905A8 /* Frameworks */,
				8F0909FA192453EB003905A8 /* Products */,
			);
			sourceTree = "<group>";
		};
		8F0909FA192453EB003905A8 /* Products */ = {
			isa = PBXGroup;
			children = (
				8F0909F9192453EB003905A8 /* GIT Test.app */,
				8F090A1A192453EB003905A8 /* GIT TestTests.xctest */,
			);
			name = Products;
			sourceTree = "<group>";
		};
		8F0909FB192453EB003905A8 /* Frameworks */ = {
			isa = PBXGroup;
			children = (
				8F0909FC192453EB003905A8 /* Foundation.framework */,
				8F0909FE192453EB003905A8 /* CoreGraphics.framework */,
				8F090A00192453EB003905A8 /* UIKit.framework */,
				8F090A1B192453EB003905A8 /* XCTest.framework */,
			);
			name = Frameworks;
			sourceTree = "<group>";
		};
		8F090A02192453EB003905A8 /* GIT Test */ = {
			isa = PBXGroup;
			children = (
				8F090A0B192453EB003905A8 /* JTMAppDelegate.h */,
				8F090A0C192453EB003905A8 /* JTMAppDelegate.m */,
				8F090A0E192453EB003905A8 /* Main.storyboard */,
				8F090A11192453EB003905A8 /* JTMViewController.h */,
				8F090A12192453EB003905A8 /* JTMViewController.m */,
				8F090A31192457B3003905A8 /* JTMTest.h */,
				8F090A32192457B3003905A8 /* JTMTest.m */,
				8F090A14192453EB003905A8 /* Images.xcassets */,
				8F090A03192453EB003905A8 /* Supporting Files */,
			);
			path = "GIT Test";
			sourceTree = "<group>";
		};
		8F090A03192453EB003905A8 /* Supporting Files */ = {
			isa = PBXGroup;
			children = (
				8F090A04192453EB003905A8 /* GIT Test-Info.plist */,
				8F090A05192453EB003905A8 /* InfoPlist.strings */,
				8F090A08192453EB003905A8 /* main.m */,
				8F090A0A192453EB003905A8 /* GIT Test-Prefix.pch */,
			);
			name = "Supporting Files";
			sourceTree = "<group>";
		};
		8F090A21192453EB003905A8 /* GIT TestTests */ = {
			isa = PBXGroup;
			children = (
				8F090A27192453EB003905A8 /* GIT_TestTests.m */,
				8F090A22192453EB003905A8 /* Supporting Files */,
			);
			path = "GIT TestTests";
			sourceTree = "<group>";
		};
		8F090A22192453EB003905A8 /* Supporting Files */ = {
			isa = PBXGroup;
			children = (
				8F090A23192453EB003905A8 /* GIT TestTests-Info.plist */,
				8F090A24192453EB003905A8 /* InfoPlist.strings */,
			);
			name = "Supporting Files";
			sourceTree = "<group>";
		};
/* End PBXGroup section */

/* Begin PBXNativeTarget section */
		8F0909F8192453EB003905A8 /* GIT Test */ = {
			isa = PBXNativeTarget;
			buildConfigurationList = 8F090A2B192453EB003905A8 /* Build configuration list for PBXNativeTarget "GIT Test" */;
			buildPhases = (
				8F0909F5192453EB003905A8 /* Sources */,
				8F0909F6192453EB003905A8 /* Frameworks */,
				8F0909F7192453EB003905A8 /* Resources */,
			);
			buildRules = (
			);
			dependencies = (
			);
			name = "GIT Test";
			productName = "GIT Test";
			productReference = 8F0909F9192453EB003905A8 /* GIT Test.app */;
			productType = "com.apple.product-type.application";
		};
		8F090A19192453EB003905A8 /* GIT TestTests */ = {
			isa = PBXNativeTarget;
			buildConfigurationList = 8F090A2E192453EB003905A8 /* Build configuration list for PBXNativeTarget "GIT TestTests" */;
			buildPhases = (
				8F090A16192453EB003905A8 /* Sources */,
				8F090A17192453EB003905A8 /* Frameworks */,
				8F090A18192453EB003905A8 /* Resources */,
			);
			buildRules = (
			);
			dependencies = (
				8F090A20192453EB003905A8 /* PBXTargetDependency */,
			);
			name = "GIT TestTests";
			productName = "GIT TestTests";
			productReference = 8F090A1A192453EB003905A8 /* GIT TestTests.xctest */;
			productType = "com.apple.product-type.bundle.unit-test";
		};
/* End PBXNativeTarget section */

/* Begin PBXProject section */
		8F0909F1192453EB003905A8 /* Project object */ = {
			isa = PBXProject;
			attributes = {
				CLASSPREFIX = JTM;
				LastUpgradeCheck = 0510;
				ORGANIZATIONNAME = "Mims Comm";
				TargetAttributes = {
					8F090A19192453EB003905A8 = {
						TestTargetID = 8F0909F8192453EB003905A8;
					};
				};
			};
			buildConfigurationList = 8F0909F4192453EB003905A8 /* Build configuration list for PBXProject "GIT Test" */;
			compatibilityVersion = "Xcode 3.2";
			developmentRegion = English;
			hasScannedForEncodings = 0;
			knownRegions = (
				en,
				Base,
			);
			mainGroup = 8F0909F0192453EB003905A8;
			productRefGroup = 8F0909FA192453EB003905A8 /* Products */;
			projectDirPath = "";
			projectRoot = "";
			targets = (
				8F0909F8192453EB003905A8 /* GIT Test */,
				8F090A19192453EB003905A8 /* GIT TestTests */,
			);
		};
/* End PBXProject section */

/* Begin PBXResourcesBuildPhase section */
		8F0909F7192453EB003905A8 /* Resources */ = {
			isa = PBXResourcesBuildPhase;
			buildActionMask = 2147483647;
			files = (
				8F090A15192453EB003905A8 /* Images.xcassets in Resources */,
				8F090A07192453EB003905A8 /* InfoPlist.strings in Resources */,
				8F090A10192453EB003905A8 /* Main.storyboard in Resources */,
			);
			runOnlyForDeploymentPostprocessing = 0;
		};
		8F090A18192453EB003905A8 /* Resources */ = {
			isa = PBXResourcesBuildPhase;
			buildActionMask = 2147483647;
			files = (
				8F090A26192453EB003905A8 /* InfoPlist.strings in Resources */,
			);
			runOnlyForDeploymentPostprocessing = 0;
		};
/* End PBXResourcesBuildPhase section */

/* Begin PBXSourcesBuildPhase section */
		8F0909F5192453EB003905A8 /* Sources */ = {
			isa = PBXSourcesBuildPhase;
			buildActionMask = 2147483647;
			files = (
				8F090A0D192453EB003905A8 /* JTMAppDelegate.m in Sources */,
				8F090A09192453EB003905A8 /* main.m in Sources */,
				8F090A13192453EB003905A8 /* JTMViewController.m in Sources */,
				8F090A33192457B3003905A8 /* JTMTest.m in Sources */,
			);
			runOnlyForDeploymentPostprocessing = 0;
		};
		8F090A16192453EB003905A8 /* Sources */ = {
			isa = PBXSourcesBuildPhase;
			buildActionMask = 2147483647;
			files = (
				8F090A28192453EB003905A8 /* GIT_TestTests.m in Sources */,
			);
			runOnlyForDeploymentPostprocessing = 0;
		};
/* End PBXSourcesBuildPhase section */

/* Begin PBXTargetDependency section */
		8F090A20192453EB003905A8 /* PBXTargetDependency */ = {
			isa = PBXTargetDependency;
			target = 8F0909F8192453EB003905A8 /* GIT Test */;
			targetProxy = 8F090A1F192453EB003905A8 /* PBXContainerItemProxy */;
		};
/* End PBXTargetDependency section */

/* Begin PBXVariantGroup section */
		8F090A05192453EB003905A8 /* InfoPlist.strings */ = {
			isa = PBXVariantGroup;
			children = (
				8F090A06192453EB003905A8 /* en */,
			);
			name = InfoPlist.strings;
			sourceTree = "<group>";
		};
		8F090A0E192453EB003905A8 /* Main.storyboard */ = {
			isa = PBXVariantGroup;
			children = (
				8F090A0F192453EB003905A8 /* Base */,
			);
			name = Main.storyboard;
			sourceTree = "<group>";
		};
		8F090A24192453EB003905A8 /* InfoPlist.strings */ = {
			isa = PBXVariantGroup;
			children = (
				8F090A25192453EB003905A8 /* en */,
			);
			name = InfoPlist.strings;
			sourceTree = "<group>";
		};
/* End PBXVariantGroup section */

/* Begin XCBuildConfiguration section */
		8F090A29192453EB003905A8 /* Debug */ = {
			isa = XCBuildConfiguration;
			buildSettings = {
				ALWAYS_SEARCH_USER_PATHS = NO;
				CLANG_CXX_LANGUAGE_STANDARD = "gnu++0x";
				CLANG_CXX_LIBRARY = "libc++";
				CLANG_ENABLE_MODULES = YES;
				CLANG_ENABLE_OBJC_ARC = YES;
				CLANG_WARN_BOOL_CONVERSION = YES;
				CLANG_WARN_CONSTANT_CONVERSION = YES;
				CLANG_WARN_DIRECT_OBJC_ISA_USAGE = YES_ERROR;
				CLANG_WARN_EMPTY_BODY = YES;
				CLANG_WARN_ENUM_CONVERSION = YES;
				CLANG_WARN_INT_CONVERSION = YES;
				CLANG_WARN_OBJC_ROOT_CLASS = YES_ERROR;
				CLANG_WARN__DUPLICATE_METHOD_MATCH = YES;
				"CODE_SIGN_IDENTITY[sdk=iphoneos*]" = "iPhone Developer";
				COPY_PHASE_STRIP = NO;
				GCC_C_LANGUAGE_STANDARD = gnu99;
				GCC_DYNAMIC_NO_PIC = NO;
				GCC_OPTIMIZATION_LEVEL = 0;
				GCC_PREPROCESSOR_DEFINITIONS = (
					"DEBUG=1",
					"$(inherited)",
				);
				GCC_SYMBOLS_PRIVATE_EXTERN = NO;
				GCC_WARN_64_TO_32_BIT_CONVERSION = YES;
				GCC_WARN_ABOUT_RETURN_TYPE = YES_ERROR;
				GCC_WARN_UNDECLARED_SELECTOR = YES;
				GCC_WARN_UNINITIALIZED_AUTOS = YES_AGGRESSIVE;
				GCC_WARN_UNUSED_FUNCTION = YES;
				GCC_WARN_UNUSED_VARIABLE = YES;
				IPHONEOS_DEPLOYMENT_TARGET = 7.1;
				ONLY_ACTIVE_ARCH = YES;
				SDKROOT = iphoneos;
			};
			name = Debug;
		};
		8F090A2A192453EB003905A8 /* Release */ = {
			isa = XCBuildConfiguration;
			buildSettings = {
				ALWAYS_SEARCH_USER_PATHS = NO;
				CLANG_CXX_LANGUAGE_STANDARD = "gnu++0x";
				CLANG_CXX_LIBRARY = "libc++";
				CLANG_ENABLE_MODULES = YES;
				CLANG_ENABLE_OBJC_ARC = YES;
				CLANG_WARN_BOOL_CONVERSION = YES;
				CLANG_WARN_CONSTANT_CONVERSION = YES;
				CLANG_WARN_DIRECT_OBJC_ISA_USAGE = YES_ERROR;
				CLANG_WARN_EMPTY_BODY = YES;
				CLANG_WARN_ENUM_CONVERSION = YES;
				CLANG_WARN_INT_CONVERSION = YES;
				CLANG_WARN_OBJC_ROOT_CLASS = YES_ERROR;
				CLANG_WARN__DUPLICATE_METHOD_MATCH = YES;
				"CODE_SIGN_IDENTITY[sdk=iphoneos*]" = "iPhone Developer";
				COPY_PHASE_STRIP = YES;
				ENABLE_NS_ASSERTIONS = NO;
				GCC_C_LANGUAGE_STANDARD = gnu99;
				GCC_WARN_64_TO_32_BIT_CONVERSION = YES;
				GCC_WARN_ABOUT_RETURN_TYPE = YES_ERROR;
				GCC_WARN_UNDECLARED_SELECTOR = YES;
				GCC_WARN_UNINITIALIZED_AUTOS = YES_AGGRESSIVE;
				GCC_WARN_UNUSED_FUNCTION = YES;
				GCC_WARN_UNUSED_VARIABLE = YES;
				IPHONEOS_DEPLOYMENT_TARGET = 7.1;
				SDKROOT = iphoneos;
				VALIDATE_PRODUCT = YES;
			};
			name = Release;
		};
		8F090A2C192453EB003905A8 /* Debug */ = {
			isa = XCBuildConfiguration;
			buildSettings = {
				ASSETCATALOG_COMPILER_APPICON_NAME = AppIcon;
				ASSETCATALOG_COMPILER_LAUNCHIMAGE_NAME = LaunchImage;
				GCC_PRECOMPILE_PREFIX_HEADER = YES;
				GCC_PREFIX_HEADER = "GIT Test/GIT Test-Prefix.pch";
				INFOPLIST_FILE = "GIT Test/GIT Test-Info.plist";
				PRODUCT_NAME = "$(TARGET_NAME)";
				WRAPPER_EXTENSION = app;
			};
			name = Debug;
		};
		8F090A2D192453EB003905A8 /* Release */ = {
			isa = XCBuildConfiguration;
			buildSettings = {
				ASSETCATALOG_COMPILER_APPICON_NAME = AppIcon;
				ASSETCATALOG_COMPILER_LAUNCHIMAGE_NAME = LaunchImage;
				GCC_PRECOMPILE_PREFIX_HEADER = YES;
				GCC_PREFIX_HEADER = "GIT Test/GIT Test-Prefix.pch";
				INFOPLIST_FILE = "GIT Test/GIT Test-Info.plist";
				PRODUCT_NAME = "$(TARGET_NAME)";
				WRAPPER_EXTENSION = app;
			};
			name = Release;
		};
		8F090A2F192453EB003905A8 /* Debug */ = {
			isa = XCBuildConfiguration;
			buildSettings = {
				BUNDLE_LOADER = "$(BUILT_PRODUCTS_DIR)/GIT Test.app/GIT Test";
				FRAMEWORK_SEARCH_PATHS = (
					"$(SDKROOT)/Developer/Library/Frameworks",
					"$(inherited)",
					"$(DEVELOPER_FRAMEWORKS_DIR)",
				);
				GCC_PRECOMPILE_PREFIX_HEADER = YES;
				GCC_PREFIX_HEADER = "GIT Test/GIT Test-Prefix.pch";
				GCC_PREPROCESSOR_DEFINITIONS = (
					"DEBUG=1",
					"$(inherited)",
				);
				INFOPLIST_FILE = "GIT TestTests/GIT TestTests-Info.plist";
				PRODUCT_NAME = "$(TARGET_NAME)";
				TEST_HOST = "$(BUNDLE_LOADER)";
				WRAPPER_EXTENSION = xctest;
			};
			name = Debug;
		};
		8F090A30192453EB003905A8 /* Release */ = {
			isa = XCBuildConfiguration;
			buildSettings = {
				BUNDLE_LOADER = "$(BUILT_PRODUCTS_DIR)/GIT Test.app/GIT Test";
				FRAMEWORK_SEARCH_PATHS = (
					"$(SDKROOT)/Developer/Library/Frameworks",
					"$(inherited)",
					"$(DEVELOPER_FRAMEWORKS_DIR)",
				);
				GCC_PRECOMPILE_PREFIX_HEADER = YES;
				GCC_PREFIX_HEADER = "GIT Test/GIT Test-Prefix.pch";
				INFOPLIST_FILE = "GIT TestTests/GIT TestTests-Info.plist";
				PRODUCT_NAME = "$(TARGET_NAME)";
				TEST_HOST = "$(BUNDLE_LOADER)";
				WRAPPER_EXTENSION = xctest;
			};
			name = Release;
		};
/* End XCBuildConfiguration section */

/* Begin XCConfigurationList section */
		8F0909F4192453EB003905A8 /* Build configuration list for PBXProject "GIT Test" */ = {
			isa = XCConfigurationList;
			buildConfigurations = (
				8F090A29192453EB003905A8 /* Debug */,
				8F090A2A192453EB003905A8 /* Release */,
			);
			defaultConfigurationIsVisible = 0;
			defaultConfigurationName = Release;
		};
		8F090A2B192453EB003905A8 /* Build configuration list for PBXNativeTarget "GIT Test" */ = {
			isa = XCConfigurationList;
			buildConfigurations = (
				8F090A2C192453EB003905A8 /* Debug */,
				8F090A2D192453EB003905A8 /* Release */,
			);
			defaultConfigurationIsVisible = 0;
		};
		8F090A2E192453EB003905A8 /* Build configuration list for PBXNativeTarget "GIT TestTests" */ = {
			isa = XCConfigurationList;
			buildConfigurations = (
				8F090A2F192453EB003905A8 /* Debug */,
				8F090A30192453EB003905A8 /* Release */,
			);
			defaultConfigurationIsVisible = 0;
		};
/* End XCConfigurationList section */
	};
	rootObject = 8F0909F1192453EB003905A8 /* Project object */;
}
